
Microsoft Visual Studio Solution File, Format Version 12.00
# Visual Studio 15
VisualStudioVersion = 15.0.27130.2027
MinimumVisualStudioVersion = 10.0.40219.1
Project("{F184B08F-C81C-45F6-A57F-5ABD9991F28F}") = "CGFileManagement", "CG_FileManagement\CGFileManagement.vbproj", "{588768EB-CAB0-4C31-ABB4-433D7670A384}"
EndProject
Project("{F184B08F-C81C-45F6-A57F-5ABD9991F28F}") = "CGSettingTools", "CG_SettingTools\CGSettingTools.vbproj", "{6F2E85DE-3CB0-4CE9-BCA5-A1E92B04DC5E}"
EndProject
Project("{F184B08F-C81C-45F6-A57F-5ABD9991F28F}") = "CGUndangan", "CG_Undangan\CGUndangan.vbproj", "{5E57F7F0-4D59-463A-BD65-3DACA25C4BF3}"
EndProject
Project("{F184B08F-C81C-45F6-A57F-5ABD9991F28F}") = "CGPolaroid", "CGPolaroid\CGPolaroid.vbproj", "{94CF5BA2-45C2-4EF6-98CA-638B6DBADAFF}"
EndProject
Global
	GlobalSection(SolutionConfigurationPlatforms) = preSolution
		2017 Debug|Any CPU = 2017 Debug|Any CPU
		2017 Release|Any CPU = 2017 Release|Any CPU
		2018 Debug|Any CPU = 2018 Debug|Any CPU
		2018 Release|Any CPU = 2018 Release|Any CPU
		Debug|Any CPU = Debug|Any CPU
		Release|Any CPU = Release|Any CPU
		X7 Debug|Any CPU = X7 Debug|Any CPU
		X7 Release|Any CPU = X7 Release|Any CPU
		X8 Debug|Any CPU = X8 Debug|Any CPU
		X8 Release|Any CPU = X8 Release|Any CPU
	EndGlobalSection
	GlobalSection(ProjectConfigurationPlatforms) = postSolution
		{588768EB-CAB0-4C31-ABB4-433D7670A384}.2017 Debug|Any CPU.ActiveCfg = 2017 Debug|Any CPU
		{588768EB-CAB0-4C31-ABB4-433D7670A384}.2017 Debug|Any CPU.Build.0 = 2017 Debug|Any CPU
		{588768EB-CAB0-4C31-ABB4-433D7670A384}.2017 Release|Any CPU.ActiveCfg = 2017 Release|Any CPU
		{588768EB-CAB0-4C31-ABB4-433D7670A384}.2017 Release|Any CPU.Build.0 = 2017 Release|Any CPU
		{588768EB-CAB0-4C31-ABB4-433D7670A384}.2018 Debug|Any CPU.ActiveCfg = 2017 Release|Any CPU
		{588768EB-CAB0-4C31-ABB4-433D7670A384}.2018 Debug|Any CPU.Build.0 = 2017 Release|Any CPU
		{588768EB-CAB0-4C31-ABB4-433D7670A384}.2018 Release|Any CPU.ActiveCfg = 2017 Release|Any CPU
		{588768EB-CAB0-4C31-ABB4-433D7670A384}.2018 Release|Any CPU.Build.0 = 2017 Release|Any CPU
		{588768EB-CAB0-4C31-ABB4-433D7670A384}.Debug|Any CPU.ActiveCfg = X8 Debug|Any CPU
		{588768EB-CAB0-4C31-ABB4-433D7670A384}.Debug|Any CPU.Build.0 = X8 Debug|Any CPU
		{588768EB-CAB0-4C31-ABB4-433D7670A384}.Release|Any CPU.ActiveCfg = X8 Release|Any CPU
		{588768EB-CAB0-4C31-ABB4-433D7670A384}.Release|Any CPU.Build.0 = X8 Release|Any CPU
		{588768EB-CAB0-4C31-ABB4-433D7670A384}.X7 Debug|Any CPU.ActiveCfg = X7 Debug|Any CPU
		{588768EB-CAB0-4C31-ABB4-433D7670A384}.X7 Debug|Any CPU.Build.0 = X7 Debug|Any CPU
		{588768EB-CAB0-4C31-ABB4-433D7670A384}.X7 Release|Any CPU.ActiveCfg = X7 Release|Any CPU
		{588768EB-CAB0-4C31-ABB4-433D7670A384}.X7 Release|Any CPU.Build.0 = X7 Release|Any CPU
		{588768EB-CAB0-4C31-ABB4-433D7670A384}.X8 Debug|Any CPU.ActiveCfg = X8 Debug|Any CPU
		{588768EB-CAB0-4C31-ABB4-433D7670A384}.X8 Debug|Any CPU.Build.0 = X8 Debug|Any CPU
		{588768EB-CAB0-4C31-ABB4-433D7670A384}.X8 Release|Any CPU.ActiveCfg = X8 Release|Any CPU
		{588768EB-CAB0-4C31-ABB4-433D7670A384}.X8 Release|Any CPU.Build.0 = X8 Release|Any CPU
		{6F2E85DE-3CB0-4CE9-BCA5-A1E92B04DC5E}.2017 Debug|Any CPU.ActiveCfg = 2017 Debug|Any CPU
		{6F2E85DE-3CB0-4CE9-BCA5-A1E92B04DC5E}.2017 Debug|Any CPU.Build.0 = 2017 Debug|Any CPU
		{6F2E85DE-3CB0-4CE9-BCA5-A1E92B04DC5E}.2017 Release|Any CPU.ActiveCfg = 2017 Release|Any CPU
		{6F2E85DE-3CB0-4CE9-BCA5-A1E92B04DC5E}.2017 Release|Any CPU.Build.0 = 2017 Release|Any CPU
		{6F2E85DE-3CB0-4CE9-BCA5-A1E92B04DC5E}.2018 Debug|Any CPU.ActiveCfg = 2017 Release|Any CPU
		{6F2E85DE-3CB0-4CE9-BCA5-A1E92B04DC5E}.2018 Debug|Any CPU.Build.0 = 2017 Release|Any CPU
		{6F2E85DE-3CB0-4CE9-BCA5-A1E92B04DC5E}.2018 Release|Any CPU.ActiveCfg = 2017 Release|Any CPU
		{6F2E85DE-3CB0-4CE9-BCA5-A1E92B04DC5E}.2018 Release|Any CPU.Build.0 = 2017 Release|Any CPU
		{6F2E85DE-3CB0-4CE9-BCA5-A1E92B04DC5E}.Debug|Any CPU.ActiveCfg = X8 Debug|Any CPU
		{6F2E85DE-3CB0-4CE9-BCA5-A1E92B04DC5E}.Debug|Any CPU.Build.0 = X8 Debug|Any CPU
		{6F2E85DE-3CB0-4CE9-BCA5-A1E92B04DC5E}.Release|Any CPU.ActiveCfg = X8 Release|Any CPU
		{6F2E85DE-3CB0-4CE9-BCA5-A1E92B04DC5E}.Release|Any CPU.Build.0 = X8 Release|Any CPU
		{6F2E85DE-3CB0-4CE9-BCA5-A1E92B04DC5E}.X7 Debug|Any CPU.ActiveCfg = X7 Debug|Any CPU
		{6F2E85DE-3CB0-4CE9-BCA5-A1E92B04DC5E}.X7 Debug|Any CPU.Build.0 = X7 Debug|Any CPU
		{6F2E85DE-3CB0-4CE9-BCA5-A1E92B04DC5E}.X7 Release|Any CPU.ActiveCfg = X7 Release|Any CPU
		{6F2E85DE-3CB0-4CE9-BCA5-A1E92B04DC5E}.X7 Release|Any CPU.Build.0 = X7 Release|Any CPU
		{6F2E85DE-3CB0-4CE9-BCA5-A1E92B04DC5E}.X8 Debug|Any CPU.ActiveCfg = X8 Debug|Any CPU
		{6F2E85DE-3CB0-4CE9-BCA5-A1E92B04DC5E}.X8 Debug|Any CPU.Build.0 = X8 Debug|Any CPU
		{6F2E85DE-3CB0-4CE9-BCA5-A1E92B04DC5E}.X8 Release|Any CPU.ActiveCfg = X8 Release|Any CPU
		{6F2E85DE-3CB0-4CE9-BCA5-A1E92B04DC5E}.X8 Release|Any CPU.Build.0 = X8 Release|Any CPU
		{5E57F7F0-4D59-463A-BD65-3DACA25C4BF3}.2017 Debug|Any CPU.ActiveCfg = 2017 Debug|Any CPU
		{5E57F7F0-4D59-463A-BD65-3DACA25C4BF3}.2017 Debug|Any CPU.Build.0 = 2017 Debug|Any CPU
		{5E57F7F0-4D59-463A-BD65-3DACA25C4BF3}.2017 Release|Any CPU.ActiveCfg = 2017 Release|Any CPU
		{5E57F7F0-4D59-463A-BD65-3DACA25C4BF3}.2017 Release|Any CPU.Build.0 = 2017 Release|Any CPU
		{5E57F7F0-4D59-463A-BD65-3DACA25C4BF3}.2018 Debug|Any CPU.ActiveCfg = 2017 Release|Any CPU
		{5E57F7F0-4D59-463A-BD65-3DACA25C4BF3}.2018 Debug|Any CPU.Build.0 = 2017 Release|Any CPU
		{5E57F7F0-4D59-463A-BD65-3DACA25C4BF3}.2018 Release|Any CPU.ActiveCfg = 2017 Release|Any CPU
		{5E57F7F0-4D59-463A-BD65-3DACA25C4BF3}.2018 Release|Any CPU.Build.0 = 2017 Release|Any CPU
		{5E57F7F0-4D59-463A-BD65-3DACA25C4BF3}.Debug|Any CPU.ActiveCfg = X8 Debug|Any CPU
		{5E57F7F0-4D59-463A-BD65-3DACA25C4BF3}.Debug|Any CPU.Build.0 = X8 Debug|Any CPU
		{5E57F7F0-4D59-463A-BD65-3DACA25C4BF3}.Release|Any CPU.ActiveCfg = X8 Release|Any CPU
		{5E57F7F0-4D59-463A-BD65-3DACA25C4BF3}.Release|Any CPU.Build.0 = X8 Release|Any CPU
		{5E57F7F0-4D59-463A-BD65-3DACA25C4BF3}.X7 Debug|Any CPU.ActiveCfg = X7 Debug|Any CPU
		{5E57F7F0-4D59-463A-BD65-3DACA25C4BF3}.X7 Debug|Any CPU.Build.0 = X7 Debug|Any CPU
		{5E57F7F0-4D59-463A-BD65-3DACA25C4BF3}.X7 Release|Any CPU.ActiveCfg = X7 Release|Any CPU
		{5E57F7F0-4D59-463A-BD65-3DACA25C4BF3}.X7 Release|Any CPU.Build.0 = X7 Release|Any CPU
		{5E57F7F0-4D59-463A-BD65-3DACA25C4BF3}.X8 Debug|Any CPU.ActiveCfg = X8 Debug|Any CPU
		{5E57F7F0-4D59-463A-BD65-3DACA25C4BF3}.X8 Debug|Any CPU.Build.0 = X8 Debug|Any CPU
		{5E57F7F0-4D59-463A-BD65-3DACA25C4BF3}.X8 Release|Any CPU.ActiveCfg = X8 Release|Any CPU
		{5E57F7F0-4D59-463A-BD65-3DACA25C4BF3}.X8 Release|Any CPU.Build.0 = X8 Release|Any CPU
		{94CF5BA2-45C2-4EF6-98CA-638B6DBADAFF}.2017 Debug|Any CPU.ActiveCfg = 2017 Debug|Any CPU
		{94CF5BA2-45C2-4EF6-98CA-638B6DBADAFF}.2017 Debug|Any CPU.Build.0 = 2017 Debug|Any CPU
		{94CF5BA2-45C2-4EF6-98CA-638B6DBADAFF}.2017 Release|Any CPU.ActiveCfg = 2017 Release|Any CPU
		{94CF5BA2-45C2-4EF6-98CA-638B6DBADAFF}.2017 Release|Any CPU.Build.0 = 2017 Release|Any CPU
		{94CF5BA2-45C2-4EF6-98CA-638B6DBADAFF}.2018 Debug|Any CPU.ActiveCfg = 2018 Debug|Any CPU
		{94CF5BA2-45C2-4EF6-98CA-638B6DBADAFF}.2018 Debug|Any CPU.Build.0 = 2018 Debug|Any CPU
		{94CF5BA2-45C2-4EF6-98CA-638B6DBADAFF}.2018 Release|Any CPU.ActiveCfg = 2018 Release|Any CPU
		{94CF5BA2-45C2-4EF6-98CA-638B6DBADAFF}.2018 Release|Any CPU.Build.0 = 2018 Release|Any CPU
		{94CF5BA2-45C2-4EF6-98CA-638B6DBADAFF}.Debug|Any CPU.ActiveCfg = 2018 Debug|Any CPU
		{94CF5BA2-45C2-4EF6-98CA-638B6DBADAFF}.Debug|Any CPU.Build.0 = 2018 Debug|Any CPU
		{94CF5BA2-45C2-4EF6-98CA-638B6DBADAFF}.Release|Any CPU.ActiveCfg = 2018 Release|Any CPU
		{94CF5BA2-45C2-4EF6-98CA-638B6DBADAFF}.Release|Any CPU.Build.0 = 2018 Release|Any CPU
		{94CF5BA2-45C2-4EF6-98CA-638B6DBADAFF}.X7 Debug|Any CPU.ActiveCfg = X7 Debug|Any CPU
		{94CF5BA2-45C2-4EF6-98CA-638B6DBADAFF}.X7 Debug|Any CPU.Build.0 = X7 Debug|Any CPU
		{94CF5BA2-45C2-4EF6-98CA-638B6DBADAFF}.X7 Release|Any CPU.ActiveCfg = X7 Release|Any CPU
		{94CF5BA2-45C2-4EF6-98CA-638B6DBADAFF}.X7 Release|Any CPU.Build.0 = X7 Release|Any CPU
		{94CF5BA2-45C2-4EF6-98CA-638B6DBADAFF}.X8 Debug|Any CPU.ActiveCfg = X8 Debug|Any CPU
		{94CF5BA2-45C2-4EF6-98CA-638B6DBADAFF}.X8 Debug|Any CPU.Build.0 = X8 Debug|Any CPU
		{94CF5BA2-45C2-4EF6-98CA-638B6DBADAFF}.X8 Release|Any CPU.ActiveCfg = X8 Release|Any CPU
		{94CF5BA2-45C2-4EF6-98CA-638B6DBADAFF}.X8 Release|Any CPU.Build.0 = X8 Release|Any CPU
	EndGlobalSection
	GlobalSection(SolutionProperties) = preSolution
		HideSolutionNode = FALSE
	EndGlobalSection
	GlobalSection(ExtensibilityGlobals) = postSolution
		SolutionGuid = {019C5BBC-7699-4DA7-956E-A58E54D72FBC}
	EndGlobalSection
EndGlobal
